
Microsoft Visual Studio Solution File, Format Version 12.00
# Visual Studio Version 16
VisualStudioVersion = 16.0.32510.428
MinimumVisualStudioVersion = 10.0.40219.1
Project("{F184B08F-C81C-45F6-A57F-5ABD9991F28F}") = "WebApplication1", "WebApplication1\WebApplication1.vbproj", "{37FA02E1-4E5A-4477-9729-F7ADA7935450}"
EndProject
Global
	GlobalSection(SolutionConfigurationPlatforms) = preSolution
		Debug|Any CPU = Debug|Any CPU
		Release|Any CPU = Release|Any CPU
	EndGlobalSection
	GlobalSection(ProjectConfigurationPlatforms) = postSolution
		{37FA02E1-4E5A-4477-9729-F7ADA7935450}.Debug|Any CPU.ActiveCfg = Debug|Any CPU
		{37FA02E1-4E5A-4477-9729-F7ADA7935450}.Debug|Any CPU.Build.0 = Debug|Any CPU
		{37FA02E1-4E5A-4477-9729-F7ADA7935450}.Release|Any CPU.ActiveCfg = Release|Any CPU
		{37FA02E1-4E5A-4477-9729-F7ADA7935450}.Release|Any CPU.Build.0 = Release|Any CPU
	EndGlobalSection
	GlobalSection(SolutionProperties) = preSolution
		HideSolutionNode = FALSE
	EndGlobalSection
	GlobalSection(ExtensibilityGlobals) = postSolution
		SolutionGuid = {F622DB5C-F08A-4855-A41F-98E097936DA3}
	EndGlobalSection
EndGlobal
